// !$*UTF8*$!
{
	archiveVersion = 1;
	classes = {
	};
	objectVersion = 46;
	objects = {

/* Begin PBXBuildFile section */
		7192808B1CE751D0006763A8 /* AppDelegate.swift in Sources */ = {isa = PBXBuildFile; fileRef = 7192808A1CE751D0006763A8 /* AppDelegate.swift */; };
		7192808D1CE751D0006763A8 /* ViewController.swift in Sources */ = {isa = PBXBuildFile; fileRef = 7192808C1CE751D0006763A8 /* ViewController.swift */; };
		719280901CE751D0006763A8 /* Main.storyboard in Resources */ = {isa = PBXBuildFile; fileRef = 7192808E1CE751D0006763A8 /* Main.storyboard */; };
		719280921CE751D0006763A8 /* Assets.xcassets in Resources */ = {isa = PBXBuildFile; fileRef = 719280911CE751D0006763A8 /* Assets.xcassets */; };
		719280951CE751D0006763A8 /* LaunchScreen.storyboard in Resources */ = {isa = PBXBuildFile; fileRef = 719280931CE751D0006763A8 /* LaunchScreen.storyboard */; };
		7192809D1CE75550006763A8 /* Post.swift in Sources */ = {isa = PBXBuildFile; fileRef = 7192809C1CE75550006763A8 /* Post.swift */; };
		7192809F1CE79F2B006763A8 /* PostCell.swift in Sources */ = {isa = PBXBuildFile; fileRef = 7192809E1CE79F2B006763A8 /* PostCell.swift */; };
		719280CA1CE8644C006763A8 /* AddPostVC.swift in Sources */ = {isa = PBXBuildFile; fileRef = 719280C91CE8644C006763A8 /* AddPostVC.swift */; };
		719280CC1CE86E23006763A8 /* CircleImage.swift in Sources */ = {isa = PBXBuildFile; fileRef = 719280CB1CE86E23006763A8 /* CircleImage.swift */; };
/* End PBXBuildFile section */

/* Begin PBXFileReference section */
		719280871CE751D0006763A8 /* MyHood.app */ = {isa = PBXFileReference; explicitFileType = wrapper.application; includeInIndex = 0; path = MyHood.app; sourceTree = BUILT_PRODUCTS_DIR; };
		7192808A1CE751D0006763A8 /* AppDelegate.swift */ = {isa = PBXFileReference; lastKnownFileType = sourcecode.swift; path = AppDelegate.swift; sourceTree = "<group>"; };
		7192808C1CE751D0006763A8 /* ViewController.swift */ = {isa = PBXFileReference; lastKnownFileType = sourcecode.swift; path = ViewController.swift; sourceTree = "<group>"; };
		7192808F1CE751D0006763A8 /* Base */ = {isa = PBXFileReference; lastKnownFileType = file.storyboard; name = Base; path = Base.lproj/Main.storyboard; sourceTree = "<group>"; };
		719280911CE751D0006763A8 /* Assets.xcassets */ = {isa = PBXFileReference; lastKnownFileType = folder.assetcatalog; path = Assets.xcassets; sourceTree = "<group>"; };
		719280941CE751D0006763A8 /* Base */ = {isa = PBXFileReference; lastKnownFileType = file.storyboard; name = Base; path = Base.lproj/LaunchScreen.storyboard; sourceTree = "<group>"; };
		719280961CE751D0006763A8 /* Info.plist */ = {isa = PBXFileReference; lastKnownFileType = text.plist.xml; path = Info.plist; sourceTree = "<group>"; };
		7192809C1CE75550006763A8 /* Post.swift */ = {isa = PBXFileReference; fileEncoding = 4; lastKnownFileType = sourcecode.swift; path = Post.swift; sourceTree = "<group>"; };
		7192809E1CE79F2B006763A8 /* PostCell.swift */ = {isa = PBXFileReference; fileEncoding = 4; lastKnownFileType = sourcecode.swift; path = PostCell.swift; sourceTree = "<group>"; };
		719280C91CE8644C006763A8 /* AddPostVC.swift */ = {isa = PBXFileReference; fileEncoding = 4; lastKnownFileType = sourcecode.swift; path = AddPostVC.swift; sourceTree = "<group>"; };
		719280CB1CE86E23006763A8 /* CircleImage.swift */ = {isa = PBXFileReference; fileEncoding = 4; lastKnownFileType = sourcecode.swift; path = CircleImage.swift; sourceTree = "<group>"; };
/* End PBXFileReference section */

/* Begin PBXFrameworksBuildPhase section */
		719280841CE751D0006763A8 /* Frameworks */ = {
			isa = PBXFrameworksBuildPhase;
			buildActionMask = 2147483647;
			files = (
			);
			runOnlyForDeploymentPostprocessing = 0;
		};
/* End PBXFrameworksBuildPhase section */

/* Begin PBXGroup section */
		7192807E1CE751D0006763A8 = {
			isa = PBXGroup;
			children = (
				719280891CE751D0006763A8 /* MyHood */,
				719280881CE751D0006763A8 /* Products */,
			);
			sourceTree = "<group>";
		};
		719280881CE751D0006763A8 /* Products */ = {
			isa = PBXGroup;
			children = (
				719280871CE751D0006763A8 /* MyHood.app */,
			);
			name = Products;
			sourceTree = "<group>";
		};
		719280891CE751D0006763A8 /* MyHood */ = {
			isa = PBXGroup;
			children = (
				7192808A1CE751D0006763A8 /* AppDelegate.swift */,
				719280C81CE863E0006763A8 /* Controller */,
				719280A01CE79F3F006763A8 /* Model */,
				719280A11CE79F4F006763A8 /* View */,
				719280911CE751D0006763A8 /* Assets.xcassets */,
				719280961CE751D0006763A8 /* Info.plist */,
			);
			path = MyHood;
			sourceTree = "<group>";
		};
		719280A01CE79F3F006763A8 /* Model */ = {
			isa = PBXGroup;
			children = (
				7192809C1CE75550006763A8 /* Post.swift */,
			);
			name = Model;
			sourceTree = "<group>";
		};
		719280A11CE79F4F006763A8 /* View */ = {
			isa = PBXGroup;
			children = (
				7192809E1CE79F2B006763A8 /* PostCell.swift */,
				7192808E1CE751D0006763A8 /* Main.storyboard */,
				719280931CE751D0006763A8 /* LaunchScreen.storyboard */,
			);
			name = View;
			sourceTree = "<group>";
		};
		719280C81CE863E0006763A8 /* Controller */ = {
			isa = PBXGroup;
			children = (
				7192808C1CE751D0006763A8 /* ViewController.swift */,
				719280C91CE8644C006763A8 /* AddPostVC.swift */,
				719280CB1CE86E23006763A8 /* CircleImage.swift */,
			);
			name = Controller;
			sourceTree = "<group>";
		};
/* End PBXGroup section */

/* Begin PBXNativeTarget section */
		719280861CE751D0006763A8 /* MyHood */ = {
			isa = PBXNativeTarget;
			buildConfigurationList = 719280991CE751D0006763A8 /* Build configuration list for PBXNativeTarget "MyHood" */;
			buildPhases = (
				719280831CE751D0006763A8 /* Sources */,
				719280841CE751D0006763A8 /* Frameworks */,
				719280851CE751D0006763A8 /* Resources */,
			);
			buildRules = (
			);
			dependencies = (
			);
			name = MyHood;
			productName = MyHood;
			productReference = 719280871CE751D0006763A8 /* MyHood.app */;
			productType = "com.apple.product-type.application";
		};
/* End PBXNativeTarget section */

/* Begin PBXProject section */
		7192807F1CE751D0006763A8 /* Project object */ = {
			isa = PBXProject;
			attributes = {
				LastSwiftUpdateCheck = 0720;
				LastUpgradeCheck = 0720;
				ORGANIZATIONNAME = MichaelH;
				TargetAttributes = {
					719280861CE751D0006763A8 = {
						CreatedOnToolsVersion = 7.2;
					};
				};
			};
			buildConfigurationList = 719280821CE751D0006763A8 /* Build configuration list for PBXProject "MyHood" */;
			compatibilityVersion = "Xcode 3.2";
			developmentRegion = English;
			hasScannedForEncodings = 0;
			knownRegions = (
				en,
				Base,
			);
			mainGroup = 7192807E1CE751D0006763A8;
			productRefGroup = 719280881CE751D0006763A8 /* Products */;
			projectDirPath = "";
			projectRoot = "";
			targets = (
				719280861CE751D0006763A8 /* MyHood */,
			);
		};
/* End PBXProject section */

/* Begin PBXResourcesBuildPhase section */
		719280851CE751D0006763A8 /* Resources */ = {
			isa = PBXResourcesBuildPhase;
			buildActionMask = 2147483647;
			files = (
				719280951CE751D0006763A8 /* LaunchScreen.storyboard in Resources */,
				719280921CE751D0006763A8 /* Assets.xcassets in Resources */,
				719280901CE751D0006763A8 /* Main.storyboard in Resources */,
			);
			runOnlyForDeploymentPostprocessing = 0;
		};
/* End PBXResourcesBuildPhase section */

/* Begin PBXSourcesBuildPhase section */
		719280831CE751D0006763A8 /* Sources */ = {
			isa = PBXSourcesBuildPhase;
			buildActionMask = 2147483647;
			files = (
				7192809D1CE75550006763A8 /* Post.swift in Sources */,
				7192808D1CE751D0006763A8 /* ViewController.swift in Sources */,
				719280CA1CE8644C006763A8 /* AddPostVC.swift in Sources */,
				7192808B1CE751D0006763A8 /* AppDelegate.swift in Sources */,
				7192809F1CE79F2B006763A8 /* PostCell.swift in Sources */,
				719280CC1CE86E23006763A8 /* CircleImage.swift in Sources */,
			);
			runOnlyForDeploymentPostprocessing = 0;
		};
/* End PBXSourcesBuildPhase section */

/* Begin PBXVariantGroup section */
		7192808E1CE751D0006763A8 /* Main.storyboard */ = {
			isa = PBXVariantGroup;
			children = (
				7192808F1CE751D0006763A8 /* Base */,
			);
			name = Main.storyboard;
			sourceTree = "<group>";
		};
		719280931CE751D0006763A8 /* LaunchScreen.storyboard */ = {
			isa = PBXVariantGroup;
			children = (
				719280941CE751D0006763A8 /* Base */,
			);
			name = LaunchScreen.storyboard;
			sourceTree = "<group>";
		};
/* End PBXVariantGroup section */

/* Begin XCBuildConfiguration section */
		719280971CE751D0006763A8 /* Debug */ = {
			isa = XCBuildConfiguration;
			buildSettings = {
				ALWAYS_SEARCH_USER_PATHS = NO;
				CLANG_CXX_LANGUAGE_STANDARD = "gnu++0x";
				CLANG_CXX_LIBRARY = "libc++";
				CLANG_ENABLE_MODULES = YES;
				CLANG_ENABLE_OBJC_ARC = YES;
				CLANG_WARN_BOOL_CONVERSION = YES;
				CLANG_WARN_CONSTANT_CONVERSION = YES;
				CLANG_WARN_DIRECT_OBJC_ISA_USAGE = YES_ERROR;
				CLANG_WARN_EMPTY_BODY = YES;
				CLANG_WARN_ENUM_CONVERSION = YES;
				CLANG_WARN_INT_CONVERSION = YES;
				CLANG_WARN_OBJC_ROOT_CLASS = YES_ERROR;
				CLANG_WARN_UNREACHABLE_CODE = YES;
				CLANG_WARN__DUPLICATE_METHOD_MATCH = YES;
				"CODE_SIGN_IDENTITY[sdk=iphoneos*]" = "iPhone Developer";
				COPY_PHASE_STRIP = NO;
				DEBUG_INFORMATION_FORMAT = dwarf;
				ENABLE_STRICT_OBJC_MSGSEND = YES;
				ENABLE_TESTABILITY = YES;
				GCC_C_LANGUAGE_STANDARD = gnu99;
				GCC_DYNAMIC_NO_PIC = NO;
				GCC_NO_COMMON_BLOCKS = YES;
				GCC_OPTIMIZATION_LEVEL = 0;
				GCC_PREPROCESSOR_DEFINITIONS = (
					"DEBUG=1",
					"$(inherited)",
				);
				GCC_WARN_64_TO_32_BIT_CONVERSION = YES;
				GCC_WARN_ABOUT_RETURN_TYPE = YES_ERROR;
				GCC_WARN_UNDECLARED_SELECTOR = YES;
				GCC_WARN_UNINITIALIZED_AUTOS = YES_AGGRESSIVE;
				GCC_WARN_UNUSED_FUNCTION = YES;
				GCC_WARN_UNUSED_VARIABLE = YES;
				IPHONEOS_DEPLOYMENT_TARGET = 9.2;
				MTL_ENABLE_DEBUG_INFO = YES;
				ONLY_ACTIVE_ARCH = YES;
				SDKROOT = iphoneos;
				SWIFT_OPTIMIZATION_LEVEL = "-Onone";
			};
			name = Debug;
		};
		719280981CE751D0006763A8 /* Release */ = {
			isa = XCBuildConfiguration;
			buildSettings = {
				ALWAYS_SEARCH_USER_PATHS = NO;
				CLANG_CXX_LANGUAGE_STANDARD = "gnu++0x";
				CLANG_CXX_LIBRARY = "libc++";
				CLANG_ENABLE_MODULES = YES;
				CLANG_ENABLE_OBJC_ARC = YES;
				CLANG_WARN_BOOL_CONVERSION = YES;
				CLANG_WARN_CONSTANT_CONVERSION = YES;
				CLANG_WARN_DIRECT_OBJC_ISA_USAGE = YES_ERROR;
				CLANG_WARN_EMPTY_BODY = YES;
				CLANG_WARN_ENUM_CONVERSION = YES;
				CLANG_WARN_INT_CONVERSION = YES;
				CLANG_WARN_OBJC_ROOT_CLASS = YES_ERROR;
				CLANG_WARN_UNREACHABLE_CODE = YES;
				CLANG_WARN__DUPLICATE_METHOD_MATCH = YES;
				"CODE_SIGN_IDENTITY[sdk=iphoneos*]" = "iPhone Developer";
				COPY_PHASE_STRIP = NO;
				DEBUG_INFORMATION_FORMAT = "dwarf-with-dsym";
				ENABLE_NS_ASSERTIONS = NO;
				ENABLE_STRICT_OBJC_MSGSEND = YES;
				GCC_C_LANGUAGE_STANDARD = gnu99;
				GCC_NO_COMMON_BLOCKS = YES;
				GCC_WARN_64_TO_32_BIT_CONVERSION = YES;
				GCC_WARN_ABOUT_RETURN_TYPE = YES_ERROR;
				GCC_WARN_UNDECLARED_SELECTOR = YES;
				GCC_WARN_UNINITIALIZED_AUTOS = YES_AGGRESSIVE;
				GCC_WARN_UNUSED_FUNCTION = YES;
				GCC_WARN_UNUSED_VARIABLE = YES;
				IPHONEOS_DEPLOYMENT_TARGET = 9.2;
				MTL_ENABLE_DEBUG_INFO = NO;
				SDKROOT = iphoneos;
				VALIDATE_PRODUCT = YES;
			};
			name = Release;
		};
		7192809A1CE751D0006763A8 /* Debug */ = {
			isa = XCBuildConfiguration;
			buildSettings = {
				ASSETCATALOG_COMPILER_APPICON_NAME = AppIcon;
				INFOPLIST_FILE = MyHood/Info.plist;
				LD_RUNPATH_SEARCH_PATHS = "$(inherited) @executable_path/Frameworks";
				PRODUCT_BUNDLE_IDENTIFIER = mh.MyHood;
				PRODUCT_NAME = "$(TARGET_NAME)";
			};
			name = Debug;
		};
		7192809B1CE751D0006763A8 /* Release */ = {
			isa = XCBuildConfiguration;
			buildSettings = {
				ASSETCATALOG_COMPILER_APPICON_NAME = AppIcon;
				INFOPLIST_FILE = MyHood/Info.plist;
				LD_RUNPATH_SEARCH_PATHS = "$(inherited) @executable_path/Frameworks";
				PRODUCT_BUNDLE_IDENTIFIER = mh.MyHood;
				PRODUCT_NAME = "$(TARGET_NAME)";
			};
			name = Release;
		};
/* End XCBuildConfiguration section */

/* Begin XCConfigurationList section */
		719280821CE751D0006763A8 /* Build configuration list for PBXProject "MyHood" */ = {
			isa = XCConfigurationList;
			buildConfigurations = (
				719280971CE751D0006763A8 /* Debug */,
				719280981CE751D0006763A8 /* Release */,
			);
			defaultConfigurationIsVisible = 0;
			defaultConfigurationName = Release;
		};
		719280991CE751D0006763A8 /* Build configuration list for PBXNativeTarget "MyHood" */ = {
			isa = XCConfigurationList;
			buildConfigurations = (
				7192809A1CE751D0006763A8 /* Debug */,
				7192809B1CE751D0006763A8 /* Release */,
			);
			defaultConfigurationIsVisible = 0;
		};
/* End XCConfigurationList section */
	};
	rootObject = 7192807F1CE751D0006763A8 /* Project object */;
}
